
Microsoft Visual Studio Solution File, Format Version 12.00
# Visual Studio Version 17
VisualStudioVersion = 17.11.35208.52
MinimumVisualStudioVersion = 10.0.40219.1
Project("{FAE04EC0-301F-11D3-BF4B-00C04F79EFBC}") = "BlazingShop", "BlazingShop\BlazingShop.csproj", "{F43B7746-5EE4-4630-AD23-32B2E8C631B7}"
EndProject
Global
	GlobalSection(SolutionConfigurationPlatforms) = preSolution
		Debug|Any CPU = Debug|Any CPU
		Release|Any CPU = Release|Any CPU
	EndGlobalSection
	GlobalSection(ProjectConfigurationPlatforms) = postSolution
		{F43B7746-5EE4-4630-AD23-32B2E8C631B7}.Debug|Any CPU.ActiveCfg = Debug|Any CPU
		{F43B7746-5EE4-4630-AD23-32B2E8C631B7}.Debug|Any CPU.Build.0 = Debug|Any CPU
		{F43B7746-5EE4-4630-AD23-32B2E8C631B7}.Release|Any CPU.ActiveCfg = Release|Any CPU
		{F43B7746-5EE4-4630-AD23-32B2E8C631B7}.Release|Any CPU.Build.0 = Release|Any CPU
	EndGlobalSection
	GlobalSection(SolutionProperties) = preSolution
		HideSolutionNode = FALSE
	EndGlobalSection
	GlobalSection(ExtensibilityGlobals) = postSolution
		SolutionGuid = {67EE8AEC-D116-42E4-B6F8-78042D346FA0}
	EndGlobalSection
EndGlobal
